<Solution>
  <Project Path="Lab1_G3# .Utilitarios/Lab1_G3.Utilitarios.csproj" />
  <Project Path="Lab1_G3#.AccesoDatos/Lab1_G3.AccesoDatos.csproj" />
  <Project Path="Lab1_G3#.API/Lab1_G3#.API.csproj" Id="f3e10ff8-9f27-441a-ab26-d8f940ec18ae" />
  <Project Path="Lab1_G3#.Dominio/Lab1_G3.Dominio.csproj" />
  <Project Path="Lab1_G3#.LogicaNegocios/Lab1_G3.LogicaNegocios.csproj" />
</Solution>
